
Microsoft Visual Studio Solution File, Format Version 12.00
# Visual Studio Version 17
VisualStudioVersion = 17.3.32901.215
MinimumVisualStudioVersion = 10.0.40219.1
Project("{8BC9CEB8-8B4A-11D0-8D11-00A0C91BC942}") = "task_2", "task_2.vcxproj", "{D1004E60-7F4C-41F0-826D-E5C266E5ABCF}"
EndProject
Global
	GlobalSection(SolutionConfigurationPlatforms) = preSolution
		Debug|x64 = Debug|x64
		Debug|x86 = Debug|x86
		Release|x64 = Release|x64
		Release|x86 = Release|x86
	EndGlobalSection
	GlobalSection(ProjectConfigurationPlatforms) = postSolution
		{D1004E60-7F4C-41F0-826D-E5C266E5ABCF}.Debug|x64.ActiveCfg = Debug|x64
		{D1004E60-7F4C-41F0-826D-E5C266E5ABCF}.Debug|x64.Build.0 = Debug|x64
		{D1004E60-7F4C-41F0-826D-E5C266E5ABCF}.Debug|x86.ActiveCfg = Debug|Win32
		{D1004E60-7F4C-41F0-826D-E5C266E5ABCF}.Debug|x86.Build.0 = Debug|Win32
		{D1004E60-7F4C-41F0-826D-E5C266E5ABCF}.Release|x64.ActiveCfg = Release|x64
		{D1004E60-7F4C-41F0-826D-E5C266E5ABCF}.Release|x64.Build.0 = Release|x64
		{D1004E60-7F4C-41F0-826D-E5C266E5ABCF}.Release|x86.ActiveCfg = Release|Win32
		{D1004E60-7F4C-41F0-826D-E5C266E5ABCF}.Release|x86.Build.0 = Release|Win32
	EndGlobalSection
	GlobalSection(SolutionProperties) = preSolution
		HideSolutionNode = FALSE
	EndGlobalSection
	GlobalSection(ExtensibilityGlobals) = postSolution
		SolutionGuid = {DE57B4CE-F47D-4954-AE29-D69DD7FF23A9}
	EndGlobalSection
EndGlobal
